<?xml version="1.0" encoding="utf-8"?>
<Project ToolsVersion="4.0" xmlns="http://schemas.microsoft.com/developer/msbuild/2003">
  <ItemGroup>
    <ClCompile Include="Application.cpp" />
    <ClCompile Include="CornellScene.cpp" />
    <ClCompile Include="main.cpp" />
    <ClCompile Include="MockModel.cpp" />
    <ClCompile Include="Scene.cpp" />
    <ClCompile Include="Shader.cpp" />
    <ClCompile Include="Object\Material\Material.cpp" />
    <ClCompile Include="Object\Mesh\Mesh.cpp" />
    <ClCompile Include="Object\Object Loader\Object.cpp" />
    <ClCompile Include="Object\Object Loader\tiny_obj_loader.cpp" />
    <ClCompile Include="Object\Transform\Transform.cpp" />
    <ClCompile Include="VoxelVisualization.cpp" />
  </ItemGroup>
  <ItemGroup>
    <ClInclude Include="Application.h" />
    <ClInclude Include="CornellScene.h" />
    <ClInclude Include="MockModel.h" />
    <ClInclude Include="Scene.h" />
    <ClInclude Include="Shader.h" />
    <ClInclude Include="Object\Material\Material.h" />
    <ClInclude Include="Object\Mesh\Mesh.h" />
    <ClInclude Include="Object\Object Loader\Object.h" />
    <ClInclude Include="Object\Object Loader\tiny_obj_loader.h" />
    <ClInclude Include="Object\Transform\Transform.h" />
    <ClInclude Include="namespace.h" />
    <ClInclude Include="VoxelVisualization.h" />
  </ItemGroup>
</Project>